// !$*UTF8*$!
{
	archiveVersion = 1;
	classes = {
	};
	objectVersion = 77;
	objects = {

/* Begin PBXContainerItemProxy section */
		57073F012DB68CBC00503223 /* PBXContainerItemProxy */ = {
			isa = PBXContainerItemProxy;
			containerPortal = 57073EE82DB68CBA00503223 /* Project object */;
			proxyType = 1;
			remoteGlobalIDString = 57073EEF2DB68CBA00503223;
			remoteInfo = SegmentPeople;
		};
		57073F0B2DB68CBC00503223 /* PBXContainerItemProxy */ = {
			isa = PBXContainerItemProxy;
			containerPortal = 57073EE82DB68CBA00503223 /* Project object */;
			proxyType = 1;
			remoteGlobalIDString = 57073EEF2DB68CBA00503223;
			remoteInfo = SegmentPeople;
		};
/* End PBXContainerItemProxy section */

/* Begin PBXFileReference section */
		57073EF02DB68CBA00503223 /* SegmentPeople.app */ = {isa = PBXFileReference; explicitFileType = wrapper.application; includeInIndex = 0; path = SegmentPeople.app; sourceTree = BUILT_PRODUCTS_DIR; };
		57073F002DB68CBC00503223 /* SegmentPeopleTests.xctest */ = {isa = PBXFileReference; explicitFileType = wrapper.cfbundle; includeInIndex = 0; path = SegmentPeopleTests.xctest; sourceTree = BUILT_PRODUCTS_DIR; };
		57073F0A2DB68CBC00503223 /* SegmentPeopleUITests.xctest */ = {isa = PBXFileReference; explicitFileType = wrapper.cfbundle; includeInIndex = 0; path = SegmentPeopleUITests.xctest; sourceTree = BUILT_PRODUCTS_DIR; };
/* End PBXFileReference section */

/* Begin PBXFileSystemSynchronizedRootGroup section */
		57073EF22DB68CBA00503223 /* SegmentPeople */ = {
			isa = PBXFileSystemSynchronizedRootGroup;
			path = SegmentPeople;
			sourceTree = "<group>";
		};
		57073F032DB68CBC00503223 /* SegmentPeopleTests */ = {
			isa = PBXFileSystemSynchronizedRootGroup;
			path = SegmentPeopleTests;
			sourceTree = "<group>";
		};
		57073F0D2DB68CBC00503223 /* SegmentPeopleUITests */ = {
			isa = PBXFileSystemSynchronizedRootGroup;
			path = SegmentPeopleUITests;
			sourceTree = "<group>";
		};
/* End PBXFileSystemSynchronizedRootGroup section */

/* Begin PBXFrameworksBuildPhase section */
		57073EED2DB68CBA00503223 /* Frameworks */ = {
			isa = PBXFrameworksBuildPhase;
			buildActionMask = 2147483647;
			files = (
			);
			runOnlyForDeploymentPostprocessing = 0;
		};
		57073EFD2DB68CBC00503223 /* Frameworks */ = {
			isa = PBXFrameworksBuildPhase;
			buildActionMask = 2147483647;
			files = (
			);
			runOnlyForDeploymentPostprocessing = 0;
		};
		57073F072DB68CBC00503223 /* Frameworks */ = {
			isa = PBXFrameworksBuildPhase;
			buildActionMask = 2147483647;
			files = (
			);
			runOnlyForDeploymentPostprocessing = 0;
		};
/* End PBXFrameworksBuildPhase section */

/* Begin PBXGroup section */
		57073EE72DB68CBA00503223 = {
			isa = PBXGroup;
			children = (
				57073EF22DB68CBA00503223 /* SegmentPeople */,
				57073F032DB68CBC00503223 /* SegmentPeopleTests */,
				57073F0D2DB68CBC00503223 /* SegmentPeopleUITests */,
				57073EF12DB68CBA00503223 /* Products */,
			);
			sourceTree = "<group>";
		};
		57073EF12DB68CBA00503223 /* Products */ = {
			isa = PBXGroup;
			children = (
				57073EF02DB68CBA00503223 /* SegmentPeople.app */,
				57073F002DB68CBC00503223 /* SegmentPeopleTests.xctest */,
				57073F0A2DB68CBC00503223 /* SegmentPeopleUITests.xctest */,
			);
			name = Products;
			sourceTree = "<group>";
		};
/* End PBXGroup section */

/* Begin PBXNativeTarget section */
		57073EEF2DB68CBA00503223 /* SegmentPeople */ = {
			isa = PBXNativeTarget;
			buildConfigurationList = 57073F142DB68CBC00503223 /* Build configuration list for PBXNativeTarget "SegmentPeople" */;
			buildPhases = (
				57073EEC2DB68CBA00503223 /* Sources */,
				57073EED2DB68CBA00503223 /* Frameworks */,
				57073EEE2DB68CBA00503223 /* Resources */,
			);
			buildRules = (
			);
			dependencies = (
			);
			fileSystemSynchronizedGroups = (
				57073EF22DB68CBA00503223 /* SegmentPeople */,
			);
			name = SegmentPeople;
			packageProductDependencies = (
			);
			productName = SegmentPeople;
			productReference = 57073EF02DB68CBA00503223 /* SegmentPeople.app */;
			productType = "com.apple.product-type.application";
		};
		57073EFF2DB68CBC00503223 /* SegmentPeopleTests */ = {
			isa = PBXNativeTarget;
			buildConfigurationList = 57073F172DB68CBC00503223 /* Build configuration list for PBXNativeTarget "SegmentPeopleTests" */;
			buildPhases = (
				57073EFC2DB68CBC00503223 /* Sources */,
				57073EFD2DB68CBC00503223 /* Frameworks */,
				57073EFE2DB68CBC00503223 /* Resources */,
			);
			buildRules = (
			);
			dependencies = (
				57073F022DB68CBC00503223 /* PBXTargetDependency */,
			);
			fileSystemSynchronizedGroups = (
				57073F032DB68CBC00503223 /* SegmentPeopleTests */,
			);
			name = SegmentPeopleTests;
			packageProductDependencies = (
			);
			productName = SegmentPeopleTests;
			productReference = 57073F002DB68CBC00503223 /* SegmentPeopleTests.xctest */;
			productType = "com.apple.product-type.bundle.unit-test";
		};
		57073F092DB68CBC00503223 /* SegmentPeopleUITests */ = {
			isa = PBXNativeTarget;
			buildConfigurationList = 57073F1A2DB68CBC00503223 /* Build configuration list for PBXNativeTarget "SegmentPeopleUITests" */;
			buildPhases = (
				57073F062DB68CBC00503223 /* Sources */,
				57073F072DB68CBC00503223 /* Frameworks */,
				57073F082DB68CBC00503223 /* Resources */,
			);
			buildRules = (
			);
			dependencies = (
				57073F0C2DB68CBC00503223 /* PBXTargetDependency */,
			);
			fileSystemSynchronizedGroups = (
				57073F0D2DB68CBC00503223 /* SegmentPeopleUITests */,
			);
			name = SegmentPeopleUITests;
			packageProductDependencies = (
			);
			productName = SegmentPeopleUITests;
			productReference = 57073F0A2DB68CBC00503223 /* SegmentPeopleUITests.xctest */;
			productType = "com.apple.product-type.bundle.ui-testing";
		};
/* End PBXNativeTarget section */

/* Begin PBXProject section */
		57073EE82DB68CBA00503223 /* Project object */ = {
			isa = PBXProject;
			attributes = {
				BuildIndependentTargetsInParallel = 1;
				LastSwiftUpdateCheck = 1620;
				LastUpgradeCheck = 1620;
				TargetAttributes = {
					57073EEF2DB68CBA00503223 = {
						CreatedOnToolsVersion = 16.2;
					};
					57073EFF2DB68CBC00503223 = {
						CreatedOnToolsVersion = 16.2;
						TestTargetID = 57073EEF2DB68CBA00503223;
					};
					57073F092DB68CBC00503223 = {
						CreatedOnToolsVersion = 16.2;
						TestTargetID = 57073EEF2DB68CBA00503223;
					};
				};
			};
			buildConfigurationList = 57073EEB2DB68CBA00503223 /* Build configuration list for PBXProject "SegmentPeople" */;
			developmentRegion = en;
			hasScannedForEncodings = 0;
			knownRegions = (
				en,
				Base,
			);
			mainGroup = 57073EE72DB68CBA00503223;
			minimizedProjectReferenceProxies = 1;
			preferredProjectObjectVersion = 77;
			productRefGroup = 57073EF12DB68CBA00503223 /* Products */;
			projectDirPath = "";
			projectRoot = "";
			targets = (
				57073EEF2DB68CBA00503223 /* SegmentPeople */,
				57073EFF2DB68CBC00503223 /* SegmentPeopleTests */,
				57073F092DB68CBC00503223 /* SegmentPeopleUITests */,
			);
		};
/* End PBXProject section */

/* Begin PBXResourcesBuildPhase section */
		57073EEE2DB68CBA00503223 /* Resources */ = {
			isa = PBXResourcesBuildPhase;
			buildActionMask = 2147483647;
			files = (
			);
			runOnlyForDeploymentPostprocessing = 0;
		};
		57073EFE2DB68CBC00503223 /* Resources */ = {
			isa = PBXResourcesBuildPhase;
			buildActionMask = 2147483647;
			files = (
			);
			runOnlyForDeploymentPostprocessing = 0;
		};
		57073F082DB68CBC00503223 /* Resources */ = {
			isa = PBXResourcesBuildPhase;
			buildActionMask = 2147483647;
			files = (
			);
			runOnlyForDeploymentPostprocessing = 0;
		};
/* End PBXResourcesBuildPhase section */

/* Begin PBXSourcesBuildPhase section */
		57073EEC2DB68CBA00503223 /* Sources */ = {
			isa = PBXSourcesBuildPhase;
			buildActionMask = 2147483647;
			files = (
			);
			runOnlyForDeploymentPostprocessing = 0;
		};
		57073EFC2DB68CBC00503223 /* Sources */ = {
			isa = PBXSourcesBuildPhase;
			buildActionMask = 2147483647;
			files = (
			);
			runOnlyForDeploymentPostprocessing = 0;
		};
		57073F062DB68CBC00503223 /* Sources */ = {
			isa = PBXSourcesBuildPhase;
			buildActionMask = 2147483647;
			files = (
			);
			runOnlyForDeploymentPostprocessing = 0;
		};
/* End PBXSourcesBuildPhase section */

/* Begin PBXTargetDependency section */
		57073F022DB68CBC00503223 /* PBXTargetDependency */ = {
			isa = PBXTargetDependency;
			target = 57073EEF2DB68CBA00503223 /* SegmentPeople */;
			targetProxy = 57073F012DB68CBC00503223 /* PBXContainerItemProxy */;
		};
		57073F0C2DB68CBC00503223 /* PBXTargetDependency */ = {
			isa = PBXTargetDependency;
			target = 57073EEF2DB68CBA00503223 /* SegmentPeople */;
			targetProxy = 57073F0B2DB68CBC00503223 /* PBXContainerItemProxy */;
		};
/* End PBXTargetDependency section */

/* Begin XCBuildConfiguration section */
		57073F122DB68CBC00503223 /* Debug */ = {
			isa = XCBuildConfiguration;
			buildSettings = {
				ALWAYS_SEARCH_USER_PATHS = NO;
				ASSETCATALOG_COMPILER_GENERATE_SWIFT_ASSET_SYMBOL_EXTENSIONS = YES;
				CLANG_ANALYZER_NONNULL = YES;
				CLANG_ANALYZER_NUMBER_OBJECT_CONVERSION = YES_AGGRESSIVE;
				CLANG_CXX_LANGUAGE_STANDARD = "gnu++20";
				CLANG_ENABLE_MODULES = YES;
				CLANG_ENABLE_OBJC_ARC = YES;
				CLANG_ENABLE_OBJC_WEAK = YES;
				CLANG_WARN_BLOCK_CAPTURE_AUTORELEASING = YES;
				CLANG_WARN_BOOL_CONVERSION = YES;
				CLANG_WARN_COMMA = YES;
				CLANG_WARN_CONSTANT_CONVERSION = YES;
				CLANG_WARN_DEPRECATED_OBJC_IMPLEMENTATIONS = YES;
				CLANG_WARN_DIRECT_OBJC_ISA_USAGE = YES_ERROR;
				CLANG_WARN_DOCUMENTATION_COMMENTS = YES;
				CLANG_WARN_EMPTY_BODY = YES;
				CLANG_WARN_ENUM_CONVERSION = YES;
				CLANG_WARN_INFINITE_RECURSION = YES;
				CLANG_WARN_INT_CONVERSION = YES;
				CLANG_WARN_NON_LITERAL_NULL_CONVERSION = YES;
				CLANG_WARN_OBJC_IMPLICIT_RETAIN_SELF = YES;
				CLANG_WARN_OBJC_LITERAL_CONVERSION = YES;
				CLANG_WARN_OBJC_ROOT_CLASS = YES_ERROR;
				CLANG_WARN_QUOTED_INCLUDE_IN_FRAMEWORK_HEADER = YES;
				CLANG_WARN_RANGE_LOOP_ANALYSIS = YES;
				CLANG_WARN_STRICT_PROTOTYPES = YES;
				CLANG_WARN_SUSPICIOUS_MOVE = YES;
				CLANG_WARN_UNGUARDED_AVAILABILITY = YES_AGGRESSIVE;
				CLANG_WARN_UNREACHABLE_CODE = YES;
				CLANG_WARN__DUPLICATE_METHOD_MATCH = YES;
				COPY_PHASE_STRIP = NO;
				DEBUG_INFORMATION_FORMAT = dwarf;
				ENABLE_STRICT_OBJC_MSGSEND = YES;
				ENABLE_TESTABILITY = YES;
				ENABLE_USER_SCRIPT_SANDBOXING = YES;
				GCC_C_LANGUAGE_STANDARD = gnu17;
				GCC_DYNAMIC_NO_PIC = NO;
				GCC_NO_COMMON_BLOCKS = YES;
				GCC_OPTIMIZATION_LEVEL = 0;
				GCC_PREPROCESSOR_DEFINITIONS = (
					"DEBUG=1",
					"$(inherited)",
				);
				GCC_WARN_64_TO_32_BIT_CONVERSION = YES;
				GCC_WARN_ABOUT_RETURN_TYPE = YES_ERROR;
				GCC_WARN_UNDECLARED_SELECTOR = YES;
				GCC_WARN_UNINITIALIZED_AUTOS = YES_AGGRESSIVE;
				GCC_WARN_UNUSED_FUNCTION = YES;
				GCC_WARN_UNUSED_VARIABLE = YES;
				IPHONEOS_DEPLOYMENT_TARGET = 18.2;
				LOCALIZATION_PREFERS_STRING_CATALOGS = YES;
				MTL_ENABLE_DEBUG_INFO = INCLUDE_SOURCE;
				MTL_FAST_MATH = YES;
				ONLY_ACTIVE_ARCH = YES;
				SDKROOT = iphoneos;
				SWIFT_ACTIVE_COMPILATION_CONDITIONS = "DEBUG $(inherited)";
				SWIFT_OPTIMIZATION_LEVEL = "-Onone";
			};
			name = Debug;
		};
		57073F132DB68CBC00503223 /* Release */ = {
			isa = XCBuildConfiguration;
			buildSettings = {
				ALWAYS_SEARCH_USER_PATHS = NO;
				ASSETCATALOG_COMPILER_GENERATE_SWIFT_ASSET_SYMBOL_EXTENSIONS = YES;
				CLANG_ANALYZER_NONNULL = YES;
				CLANG_ANALYZER_NUMBER_OBJECT_CONVERSION = YES_AGGRESSIVE;
				CLANG_CXX_LANGUAGE_STANDARD = "gnu++20";
				CLANG_ENABLE_MODULES = YES;
				CLANG_ENABLE_OBJC_ARC = YES;
				CLANG_ENABLE_OBJC_WEAK = YES;
				CLANG_WARN_BLOCK_CAPTURE_AUTORELEASING = YES;
				CLANG_WARN_BOOL_CONVERSION = YES;
				CLANG_WARN_COMMA = YES;
				CLANG_WARN_CONSTANT_CONVERSION = YES;
				CLANG_WARN_DEPRECATED_OBJC_IMPLEMENTATIONS = YES;
				CLANG_WARN_DIRECT_OBJC_ISA_USAGE = YES_ERROR;
				CLANG_WARN_DOCUMENTATION_COMMENTS = YES;
				CLANG_WARN_EMPTY_BODY = YES;
				CLANG_WARN_ENUM_CONVERSION = YES;
				CLANG_WARN_INFINITE_RECURSION = YES;
				CLANG_WARN_INT_CONVERSION = YES;
				CLANG_WARN_NON_LITERAL_NULL_CONVERSION = YES;
				CLANG_WARN_OBJC_IMPLICIT_RETAIN_SELF = YES;
				CLANG_WARN_OBJC_LITERAL_CONVERSION = YES;
				CLANG_WARN_OBJC_ROOT_CLASS = YES_ERROR;
				CLANG_WARN_QUOTED_INCLUDE_IN_FRAMEWORK_HEADER = YES;
				CLANG_WARN_RANGE_LOOP_ANALYSIS = YES;
				CLANG_WARN_STRICT_PROTOTYPES = YES;
				CLANG_WARN_SUSPICIOUS_MOVE = YES;
				CLANG_WARN_UNGUARDED_AVAILABILITY = YES_AGGRESSIVE;
				CLANG_WARN_UNREACHABLE_CODE = YES;
				CLANG_WARN__DUPLICATE_METHOD_MATCH = YES;
				COPY_PHASE_STRIP = NO;
				DEBUG_INFORMATION_FORMAT = "dwarf-with-dsym";
				ENABLE_NS_ASSERTIONS = NO;
				ENABLE_STRICT_OBJC_MSGSEND = YES;
				ENABLE_USER_SCRIPT_SANDBOXING = YES;
				GCC_C_LANGUAGE_STANDARD = gnu17;
				GCC_NO_COMMON_BLOCKS = YES;
				GCC_WARN_64_TO_32_BIT_CONVERSION = YES;
				GCC_WARN_ABOUT_RETURN_TYPE = YES_ERROR;
				GCC_WARN_UNDECLARED_SELECTOR = YES;
				GCC_WARN_UNINITIALIZED_AUTOS = YES_AGGRESSIVE;
				GCC_WARN_UNUSED_FUNCTION = YES;
				GCC_WARN_UNUSED_VARIABLE = YES;
				IPHONEOS_DEPLOYMENT_TARGET = 18.2;
				LOCALIZATION_PREFERS_STRING_CATALOGS = YES;
				MTL_ENABLE_DEBUG_INFO = NO;
				MTL_FAST_MATH = YES;
				SDKROOT = iphoneos;
				SWIFT_COMPILATION_MODE = wholemodule;
				VALIDATE_PRODUCT = YES;
			};
			name = Release;
		};
		57073F152DB68CBC00503223 /* Debug */ = {
			isa = XCBuildConfiguration;
			buildSettings = {
				ASSETCATALOG_COMPILER_APPICON_NAME = AppIcon;
				ASSETCATALOG_COMPILER_GLOBAL_ACCENT_COLOR_NAME = AccentColor;
				CODE_SIGN_STYLE = Automatic;
				CURRENT_PROJECT_VERSION = 1;
				DEVELOPMENT_ASSET_PATHS = "\"SegmentPeople/Preview Content\"";
				DEVELOPMENT_TEAM = 2258XP42TA;
				ENABLE_PREVIEWS = YES;
				GENERATE_INFOPLIST_FILE = YES;
				INFOPLIST_KEY_NSCameraUsageDescription = 12;
				INFOPLIST_KEY_UIApplicationSceneManifest_Generation = YES;
				INFOPLIST_KEY_UIApplicationSupportsIndirectInputEvents = YES;
				INFOPLIST_KEY_UILaunchScreen_Generation = YES;
				INFOPLIST_KEY_UISupportedInterfaceOrientations_iPad = "UIInterfaceOrientationPortrait UIInterfaceOrientationPortraitUpsideDown UIInterfaceOrientationLandscapeLeft UIInterfaceOrientationLandscapeRight";
				INFOPLIST_KEY_UISupportedInterfaceOrientations_iPhone = "UIInterfaceOrientationPortrait UIInterfaceOrientationLandscapeLeft UIInterfaceOrientationLandscapeRight";
				IPHONEOS_DEPLOYMENT_TARGET = 16.0;
				LD_RUNPATH_SEARCH_PATHS = (
					"$(inherited)",
					"@executable_path/Frameworks",
				);
				MARKETING_VERSION = 1.0;
				PRODUCT_BUNDLE_IDENTIFIER = com.ndloc.SegmentPeople;
				PRODUCT_NAME = "$(TARGET_NAME)";
				SWIFT_EMIT_LOC_STRINGS = YES;
				SWIFT_VERSION = 5.0;
				TARGETED_DEVICE_FAMILY = "1,2";
			};
			name = Debug;
		};
		57073F162DB68CBC00503223 /* Release */ = {
			isa = XCBuildConfiguration;
			buildSettings = {
				ASSETCATALOG_COMPILER_APPICON_NAME = AppIcon;
				ASSETCATALOG_COMPILER_GLOBAL_ACCENT_COLOR_NAME = AccentColor;
				CODE_SIGN_STYLE = Automatic;
				CURRENT_PROJECT_VERSION = 1;
				DEVELOPMENT_ASSET_PATHS = "\"SegmentPeople/Preview Content\"";
				DEVELOPMENT_TEAM = 2258XP42TA;
				ENABLE_PREVIEWS = YES;
				GENERATE_INFOPLIST_FILE = YES;
				INFOPLIST_KEY_NSCameraUsageDescription = 12;
				INFOPLIST_KEY_UIApplicationSceneManifest_Generation = YES;
				INFOPLIST_KEY_UIApplicationSupportsIndirectInputEvents = YES;
				INFOPLIST_KEY_UILaunchScreen_Generation = YES;
				INFOPLIST_KEY_UISupportedInterfaceOrientations_iPad = "UIInterfaceOrientationPortrait UIInterfaceOrientationPortraitUpsideDown UIInterfaceOrientationLandscapeLeft UIInterfaceOrientationLandscapeRight";
				INFOPLIST_KEY_UISupportedInterfaceOrientations_iPhone = "UIInterfaceOrientationPortrait UIInterfaceOrientationLandscapeLeft UIInterfaceOrientationLandscapeRight";
				IPHONEOS_DEPLOYMENT_TARGET = 16.0;
				LD_RUNPATH_SEARCH_PATHS = (
					"$(inherited)",
					"@executable_path/Frameworks",
				);
				MARKETING_VERSION = 1.0;
				PRODUCT_BUNDLE_IDENTIFIER = com.ndloc.SegmentPeople;
				PRODUCT_NAME = "$(TARGET_NAME)";
				SWIFT_EMIT_LOC_STRINGS = YES;
				SWIFT_VERSION = 5.0;
				TARGETED_DEVICE_FAMILY = "1,2";
			};
			name = Release;
		};
		57073F182DB68CBC00503223 /* Debug */ = {
			isa = XCBuildConfiguration;
			buildSettings = {
				BUNDLE_LOADER = "$(TEST_HOST)";
				CODE_SIGN_STYLE = Automatic;
				CURRENT_PROJECT_VERSION = 1;
				DEVELOPMENT_TEAM = 2258XP42TA;
				GENERATE_INFOPLIST_FILE = YES;
				IPHONEOS_DEPLOYMENT_TARGET = 18.2;
				MARKETING_VERSION = 1.0;
				PRODUCT_BUNDLE_IDENTIFIER = com.ndloc.SegmentPeopleTests;
				PRODUCT_NAME = "$(TARGET_NAME)";
				SWIFT_EMIT_LOC_STRINGS = NO;
				SWIFT_VERSION = 5.0;
				TARGETED_DEVICE_FAMILY = "1,2";
				TEST_HOST = "$(BUILT_PRODUCTS_DIR)/SegmentPeople.app/$(BUNDLE_EXECUTABLE_FOLDER_PATH)/SegmentPeople";
			};
			name = Debug;
		};
		57073F192DB68CBC00503223 /* Release */ = {
			isa = XCBuildConfiguration;
			buildSettings = {
				BUNDLE_LOADER = "$(TEST_HOST)";
				CODE_SIGN_STYLE = Automatic;
				CURRENT_PROJECT_VERSION = 1;
				DEVELOPMENT_TEAM = 2258XP42TA;
				GENERATE_INFOPLIST_FILE = YES;
				IPHONEOS_DEPLOYMENT_TARGET = 18.2;
				MARKETING_VERSION = 1.0;
				PRODUCT_BUNDLE_IDENTIFIER = com.ndloc.SegmentPeopleTests;
				PRODUCT_NAME = "$(TARGET_NAME)";
				SWIFT_EMIT_LOC_STRINGS = NO;
				SWIFT_VERSION = 5.0;
				TARGETED_DEVICE_FAMILY = "1,2";
				TEST_HOST = "$(BUILT_PRODUCTS_DIR)/SegmentPeople.app/$(BUNDLE_EXECUTABLE_FOLDER_PATH)/SegmentPeople";
			};
			name = Release;
		};
		57073F1B2DB68CBC00503223 /* Debug */ = {
			isa = XCBuildConfiguration;
			buildSettings = {
				CODE_SIGN_STYLE = Automatic;
				CURRENT_PROJECT_VERSION = 1;
				DEVELOPMENT_TEAM = 2258XP42TA;
				GENERATE_INFOPLIST_FILE = YES;
				MARKETING_VERSION = 1.0;
				PRODUCT_BUNDLE_IDENTIFIER = com.ndloc.SegmentPeopleUITests;
				PRODUCT_NAME = "$(TARGET_NAME)";
				SWIFT_EMIT_LOC_STRINGS = NO;
				SWIFT_VERSION = 5.0;
				TARGETED_DEVICE_FAMILY = "1,2";
				TEST_TARGET_NAME = SegmentPeople;
			};
			name = Debug;
		};
		57073F1C2DB68CBC00503223 /* Release */ = {
			isa = XCBuildConfiguration;
			buildSettings = {
				CODE_SIGN_STYLE = Automatic;
				CURRENT_PROJECT_VERSION = 1;
				DEVELOPMENT_TEAM = 2258XP42TA;
				GENERATE_INFOPLIST_FILE = YES;
				MARKETING_VERSION = 1.0;
				PRODUCT_BUNDLE_IDENTIFIER = com.ndloc.SegmentPeopleUITests;
				PRODUCT_NAME = "$(TARGET_NAME)";
				SWIFT_EMIT_LOC_STRINGS = NO;
				SWIFT_VERSION = 5.0;
				TARGETED_DEVICE_FAMILY = "1,2";
				TEST_TARGET_NAME = SegmentPeople;
			};
			name = Release;
		};
/* End XCBuildConfiguration section */

/* Begin XCConfigurationList section */
		57073EEB2DB68CBA00503223 /* Build configuration list for PBXProject "SegmentPeople" */ = {
			isa = XCConfigurationList;
			buildConfigurations = (
				57073F122DB68CBC00503223 /* Debug */,
				57073F132DB68CBC00503223 /* Release */,
			);
			defaultConfigurationIsVisible = 0;
			defaultConfigurationName = Release;
		};
		57073F142DB68CBC00503223 /* Build configuration list for PBXNativeTarget "SegmentPeople" */ = {
			isa = XCConfigurationList;
			buildConfigurations = (
				57073F152DB68CBC00503223 /* Debug */,
				57073F162DB68CBC00503223 /* Release */,
			);
			defaultConfigurationIsVisible = 0;
			defaultConfigurationName = Release;
		};
		57073F172DB68CBC00503223 /* Build configuration list for PBXNativeTarget "SegmentPeopleTests" */ = {
			isa = XCConfigurationList;
			buildConfigurations = (
				57073F182DB68CBC00503223 /* Debug */,
				57073F192DB68CBC00503223 /* Release */,
			);
			defaultConfigurationIsVisible = 0;
			defaultConfigurationName = Release;
		};
		57073F1A2DB68CBC00503223 /* Build configuration list for PBXNativeTarget "SegmentPeopleUITests" */ = {
			isa = XCConfigurationList;
			buildConfigurations = (
				57073F1B2DB68CBC00503223 /* Debug */,
				57073F1C2DB68CBC00503223 /* Release */,
			);
			defaultConfigurationIsVisible = 0;
			defaultConfigurationName = Release;
		};
/* End XCConfigurationList section */
	};
	rootObject = 57073EE82DB68CBA00503223 /* Project object */;
}
